// !$*UTF8*$!
{
	archiveVersion = 1;
	classes = {
	};
	objectVersion = 56;
	objects = {

/* Begin PBXBuildFile section */
		5F0A54AC2CECCB000083E70C /* ThemeManager.swift in Sources */ = {isa = PBXBuildFile; fileRef = 5F0A54AB2CECCB000083E70C /* ThemeManager.swift */; };
		5F543B122CE634C000881451 /* Base in Resources */ = {isa = PBXBuildFile; fileRef = 5F543B112CE634C000881451 /* Base */; };
		5F543B142CE634C100881451 /* Assets.xcassets in Resources */ = {isa = PBXBuildFile; fileRef = 5F543B132CE634C100881451 /* Assets.xcassets */; };
		5F543B172CE634C100881451 /* Base in Resources */ = {isa = PBXBuildFile; fileRef = 5F543B162CE634C100881451 /* Base */; };
		5F543B3F2CE6350B00881451 /* CenterMainController.swift in Sources */ = {isa = PBXBuildFile; fileRef = 5F543B202CE6350B00881451 /* CenterMainController.swift */; };
		5F543B402CE6350B00881451 /* CenterMainController.xib in Resources */ = {isa = PBXBuildFile; fileRef = 5F543B212CE6350B00881451 /* CenterMainController.xib */; };
		5F543B412CE6350B00881451 /* FeedListMainController.swift in Sources */ = {isa = PBXBuildFile; fileRef = 5F543B262CE6350B00881451 /* FeedListMainController.swift */; };
		5F543B422CE6350B00881451 /* FeedListMainController.xib in Resources */ = {isa = PBXBuildFile; fileRef = 5F543B272CE6350B00881451 /* FeedListMainController.xib */; };
		5F543B432CE6350B00881451 /* HomeMainController.swift in Sources */ = {isa = PBXBuildFile; fileRef = 5F543B2C2CE6350B00881451 /* HomeMainController.swift */; };
		5F543B442CE6350B00881451 /* HomeMainController.xib in Resources */ = {isa = PBXBuildFile; fileRef = 5F543B2D2CE6350B00881451 /* HomeMainController.xib */; };
		5F543B452CE6350B00881451 /* HomeNoteListCell.swift in Sources */ = {isa = PBXBuildFile; fileRef = 5F543B302CE6350B00881451 /* HomeNoteListCell.swift */; };
		5F543B462CE6350B00881451 /* AppDelegate.swift in Sources */ = {isa = PBXBuildFile; fileRef = 5F543B382CE6350B00881451 /* AppDelegate.swift */; };
		5F543B472CE6350B00881451 /* Common.swift in Sources */ = {isa = PBXBuildFile; fileRef = 5F543B392CE6350B00881451 /* Common.swift */; };
		5F543B482CE6350B00881451 /* RSDTabBarController.swift in Sources */ = {isa = PBXBuildFile; fileRef = 5F543B3A2CE6350B00881451 /* RSDTabBarController.swift */; };
		5F543B492CE6350B00881451 /* SceneDelegate.swift in Sources */ = {isa = PBXBuildFile; fileRef = 5F543B3B2CE6350B00881451 /* SceneDelegate.swift */; };
		5F543B4A2CE6350B00881451 /* ViewController.swift in Sources */ = {isa = PBXBuildFile; fileRef = 5F543B3C2CE6350B00881451 /* ViewController.swift */; };
		C456FBB53D29EBEEABA26344 /* Pods_notebook.framework in Frameworks */ = {isa = PBXBuildFile; fileRef = 97A3E5E4708DA721EEECEEA7 /* Pods_notebook.framework */; };
/* End PBXBuildFile section */

/* Begin PBXFileReference section */
		5F0A54AB2CECCB000083E70C /* ThemeManager.swift */ = {isa = PBXFileReference; lastKnownFileType = sourcecode.swift; path = ThemeManager.swift; sourceTree = "<group>"; };
		5F543B072CE634C000881451 /* notebook.app */ = {isa = PBXFileReference; explicitFileType = wrapper.application; includeInIndex = 0; path = notebook.app; sourceTree = BUILT_PRODUCTS_DIR; };
		5F543B112CE634C000881451 /* Base */ = {isa = PBXFileReference; lastKnownFileType = file.storyboard; name = Base; path = Base.lproj/Main.storyboard; sourceTree = "<group>"; };
		5F543B132CE634C100881451 /* Assets.xcassets */ = {isa = PBXFileReference; lastKnownFileType = folder.assetcatalog; path = Assets.xcassets; sourceTree = "<group>"; };
		5F543B162CE634C100881451 /* Base */ = {isa = PBXFileReference; lastKnownFileType = file.storyboard; name = Base; path = Base.lproj/LaunchScreen.storyboard; sourceTree = "<group>"; };
		5F543B182CE634C100881451 /* Info.plist */ = {isa = PBXFileReference; lastKnownFileType = text.plist.xml; path = Info.plist; sourceTree = "<group>"; };
		5F543B202CE6350B00881451 /* CenterMainController.swift */ = {isa = PBXFileReference; fileEncoding = 4; lastKnownFileType = sourcecode.swift; path = CenterMainController.swift; sourceTree = "<group>"; };
		5F543B212CE6350B00881451 /* CenterMainController.xib */ = {isa = PBXFileReference; fileEncoding = 4; lastKnownFileType = file.xib; path = CenterMainController.xib; sourceTree = "<group>"; };
		5F543B262CE6350B00881451 /* FeedListMainController.swift */ = {isa = PBXFileReference; fileEncoding = 4; lastKnownFileType = sourcecode.swift; path = FeedListMainController.swift; sourceTree = "<group>"; };
		5F543B272CE6350B00881451 /* FeedListMainController.xib */ = {isa = PBXFileReference; fileEncoding = 4; lastKnownFileType = file.xib; path = FeedListMainController.xib; sourceTree = "<group>"; };
		5F543B2C2CE6350B00881451 /* HomeMainController.swift */ = {isa = PBXFileReference; fileEncoding = 4; lastKnownFileType = sourcecode.swift; path = HomeMainController.swift; sourceTree = "<group>"; };
		5F543B2D2CE6350B00881451 /* HomeMainController.xib */ = {isa = PBXFileReference; fileEncoding = 4; lastKnownFileType = file.xib; path = HomeMainController.xib; sourceTree = "<group>"; };
		5F543B302CE6350B00881451 /* HomeNoteListCell.swift */ = {isa = PBXFileReference; fileEncoding = 4; lastKnownFileType = sourcecode.swift; path = HomeNoteListCell.swift; sourceTree = "<group>"; };
		5F543B382CE6350B00881451 /* AppDelegate.swift */ = {isa = PBXFileReference; fileEncoding = 4; lastKnownFileType = sourcecode.swift; path = AppDelegate.swift; sourceTree = "<group>"; };
		5F543B392CE6350B00881451 /* Common.swift */ = {isa = PBXFileReference; fileEncoding = 4; lastKnownFileType = sourcecode.swift; path = Common.swift; sourceTree = "<group>"; };
		5F543B3A2CE6350B00881451 /* RSDTabBarController.swift */ = {isa = PBXFileReference; fileEncoding = 4; lastKnownFileType = sourcecode.swift; path = RSDTabBarController.swift; sourceTree = "<group>"; };
		5F543B3B2CE6350B00881451 /* SceneDelegate.swift */ = {isa = PBXFileReference; fileEncoding = 4; lastKnownFileType = sourcecode.swift; path = SceneDelegate.swift; sourceTree = "<group>"; };
		5F543B3C2CE6350B00881451 /* ViewController.swift */ = {isa = PBXFileReference; fileEncoding = 4; lastKnownFileType = sourcecode.swift; path = ViewController.swift; sourceTree = "<group>"; };
		6AE61F9F9E9EDC7AF872956C /* Pods-notebook.debug.xcconfig */ = {isa = PBXFileReference; includeInIndex = 1; lastKnownFileType = text.xcconfig; name = "Pods-notebook.debug.xcconfig"; path = "Target Support Files/Pods-notebook/Pods-notebook.debug.xcconfig"; sourceTree = "<group>"; };
		96D18690393DDF0D551D01B1 /* Pods-notebook.release.xcconfig */ = {isa = PBXFileReference; includeInIndex = 1; lastKnownFileType = text.xcconfig; name = "Pods-notebook.release.xcconfig"; path = "Target Support Files/Pods-notebook/Pods-notebook.release.xcconfig"; sourceTree = "<group>"; };
		97A3E5E4708DA721EEECEEA7 /* Pods_notebook.framework */ = {isa = PBXFileReference; explicitFileType = wrapper.framework; includeInIndex = 0; path = Pods_notebook.framework; sourceTree = BUILT_PRODUCTS_DIR; };
/* End PBXFileReference section */

/* Begin PBXFrameworksBuildPhase section */
		5F543B042CE634C000881451 /* Frameworks */ = {
			isa = PBXFrameworksBuildPhase;
			buildActionMask = 2147483647;
			files = (
				C456FBB53D29EBEEABA26344 /* Pods_notebook.framework in Frameworks */,
			);
			runOnlyForDeploymentPostprocessing = 0;
		};
/* End PBXFrameworksBuildPhase section */

/* Begin PBXGroup section */
		19A5E650E1157FDC10AC56D9 /* Pods */ = {
			isa = PBXGroup;
			children = (
				6AE61F9F9E9EDC7AF872956C /* Pods-notebook.debug.xcconfig */,
				96D18690393DDF0D551D01B1 /* Pods-notebook.release.xcconfig */,
			);
			path = Pods;
			sourceTree = "<group>";
		};
		4209A4DFA10450DD7E21D775 /* Frameworks */ = {
			isa = PBXGroup;
			children = (
				97A3E5E4708DA721EEECEEA7 /* Pods_notebook.framework */,
			);
			name = Frameworks;
			sourceTree = "<group>";
		};
		5F543AFE2CE634C000881451 = {
			isa = PBXGroup;
			children = (
				5F543B092CE634C000881451 /* notebook */,
				5F543B082CE634C000881451 /* Products */,
				19A5E650E1157FDC10AC56D9 /* Pods */,
				4209A4DFA10450DD7E21D775 /* Frameworks */,
			);
			sourceTree = "<group>";
		};
		5F543B082CE634C000881451 /* Products */ = {
			isa = PBXGroup;
			children = (
				5F543B072CE634C000881451 /* notebook.app */,
			);
			name = Products;
			sourceTree = "<group>";
		};
		5F543B092CE634C000881451 /* notebook */ = {
			isa = PBXGroup;
			children = (
				5F543B3E2CE6350B00881451 /* classes */,
				5F543B102CE634C000881451 /* Main.storyboard */,
				5F543B132CE634C100881451 /* Assets.xcassets */,
				5F543B152CE634C100881451 /* LaunchScreen.storyboard */,
				5F543B182CE634C100881451 /* Info.plist */,
			);
			path = notebook;
			sourceTree = "<group>";
		};
		5F543B222CE6350B00881451 /* controller */ = {
			isa = PBXGroup;
			children = (
				5F543B202CE6350B00881451 /* CenterMainController.swift */,
				5F543B212CE6350B00881451 /* CenterMainController.xib */,
			);
			path = controller;
			sourceTree = "<group>";
		};
		5F543B232CE6350B00881451 /* model */ = {
			isa = PBXGroup;
			children = (
			);
			path = model;
			sourceTree = "<group>";
		};
		5F543B242CE6350B00881451 /* view */ = {
			isa = PBXGroup;
			children = (
			);
			path = view;
			sourceTree = "<group>";
		};
		5F543B252CE6350B00881451 /* center */ = {
			isa = PBXGroup;
			children = (
				5F543B222CE6350B00881451 /* controller */,
				5F543B232CE6350B00881451 /* model */,
				5F543B242CE6350B00881451 /* view */,
			);
			path = center;
			sourceTree = "<group>";
		};
		5F543B282CE6350B00881451 /* controller */ = {
			isa = PBXGroup;
			children = (
				5F543B262CE6350B00881451 /* FeedListMainController.swift */,
				5F543B272CE6350B00881451 /* FeedListMainController.xib */,
			);
			path = controller;
			sourceTree = "<group>";
		};
		5F543B292CE6350B00881451 /* model */ = {
			isa = PBXGroup;
			children = (
			);
			path = model;
			sourceTree = "<group>";
		};
		5F543B2A2CE6350B00881451 /* view */ = {
			isa = PBXGroup;
			children = (
			);
			path = view;
			sourceTree = "<group>";
		};
		5F543B2B2CE6350B00881451 /* feedlist */ = {
			isa = PBXGroup;
			children = (
				5F543B282CE6350B00881451 /* controller */,
				5F543B292CE6350B00881451 /* model */,
				5F543B2A2CE6350B00881451 /* view */,
			);
			path = feedlist;
			sourceTree = "<group>";
		};
		5F543B2E2CE6350B00881451 /* controller */ = {
			isa = PBXGroup;
			children = (
				5F543B2C2CE6350B00881451 /* HomeMainController.swift */,
				5F543B2D2CE6350B00881451 /* HomeMainController.xib */,
			);
			path = controller;
			sourceTree = "<group>";
		};
		5F543B2F2CE6350B00881451 /* model */ = {
			isa = PBXGroup;
			children = (
			);
			path = model;
			sourceTree = "<group>";
		};
		5F543B312CE6350B00881451 /* view */ = {
			isa = PBXGroup;
			children = (
				5F543B302CE6350B00881451 /* HomeNoteListCell.swift */,
			);
			path = view;
			sourceTree = "<group>";
		};
		5F543B322CE6350B00881451 /* home */ = {
			isa = PBXGroup;
			children = (
				5F543B2E2CE6350B00881451 /* controller */,
				5F543B2F2CE6350B00881451 /* model */,
				5F543B312CE6350B00881451 /* view */,
			);
			path = home;
			sourceTree = "<group>";
		};
		5F543B332CE6350B00881451 /* controller */ = {
			isa = PBXGroup;
			children = (
			);
			path = controller;
			sourceTree = "<group>";
		};
		5F543B342CE6350B00881451 /* model */ = {
			isa = PBXGroup;
			children = (
			);
			path = model;
			sourceTree = "<group>";
		};
		5F543B352CE6350B00881451 /* view */ = {
			isa = PBXGroup;
			children = (
			);
			path = view;
			sourceTree = "<group>";
		};
		5F543B362CE6350B00881451 /* login */ = {
			isa = PBXGroup;
			children = (
				5F543B332CE6350B00881451 /* controller */,
				5F543B342CE6350B00881451 /* model */,
				5F543B352CE6350B00881451 /* view */,
			);
			path = login;
			sourceTree = "<group>";
		};
		5F543B372CE6350B00881451 /* func */ = {
			isa = PBXGroup;
			children = (
				5F543B322CE6350B00881451 /* home */,
				5F543B2B2CE6350B00881451 /* feedlist */,
				5F543B252CE6350B00881451 /* center */,
				5F543B362CE6350B00881451 /* login */,
			);
			path = func;
			sourceTree = "<group>";
		};
		5F543B3D2CE6350B00881451 /* other */ = {
			isa = PBXGroup;
			children = (
				5F543B382CE6350B00881451 /* AppDelegate.swift */,
				5F543B3B2CE6350B00881451 /* SceneDelegate.swift */,
				5F543B3A2CE6350B00881451 /* RSDTabBarController.swift */,
				5F543B392CE6350B00881451 /* Common.swift */,
				5F543B3C2CE6350B00881451 /* ViewController.swift */,
				5F0A54AB2CECCB000083E70C /* ThemeManager.swift */,
			);
			path = other;
			sourceTree = "<group>";
		};
		5F543B3E2CE6350B00881451 /* classes */ = {
			isa = PBXGroup;
			children = (
				5F543B372CE6350B00881451 /* func */,
				5F543B3D2CE6350B00881451 /* other */,
			);
			path = classes;
			sourceTree = "<group>";
		};
/* End PBXGroup section */

/* Begin PBXNativeTarget section */
		5F543B062CE634C000881451 /* notebook */ = {
			isa = PBXNativeTarget;
			buildConfigurationList = 5F543B1B2CE634C100881451 /* Build configuration list for PBXNativeTarget "notebook" */;
			buildPhases = (
				2BA955D9608874DF440B02C4 /* [CP] Check Pods Manifest.lock */,
				5F543B032CE634C000881451 /* Sources */,
				5F543B042CE634C000881451 /* Frameworks */,
				5F543B052CE634C000881451 /* Resources */,
				9B3EF4490FA0C83432B07ADD /* [CP] Embed Pods Frameworks */,
			);
			buildRules = (
			);
			dependencies = (
			);
			name = notebook;
			productName = notebook;
			productReference = 5F543B072CE634C000881451 /* notebook.app */;
			productType = "com.apple.product-type.application";
		};
/* End PBXNativeTarget section */

/* Begin PBXProject section */
		5F543AFF2CE634C000881451 /* Project object */ = {
			isa = PBXProject;
			attributes = {
				BuildIndependentTargetsInParallel = 1;
				LastSwiftUpdateCheck = 1530;
				LastUpgradeCheck = 1530;
				TargetAttributes = {
					5F543B062CE634C000881451 = {
						CreatedOnToolsVersion = 15.3;
					};
				};
			};
			buildConfigurationList = 5F543B022CE634C000881451 /* Build configuration list for PBXProject "notebook" */;
			compatibilityVersion = "Xcode 14.0";
			developmentRegion = en;
			hasScannedForEncodings = 0;
			knownRegions = (
				en,
				Base,
			);
			mainGroup = 5F543AFE2CE634C000881451;
			productRefGroup = 5F543B082CE634C000881451 /* Products */;
			projectDirPath = "";
			projectRoot = "";
			targets = (
				5F543B062CE634C000881451 /* notebook */,
			);
		};
/* End PBXProject section */

/* Begin PBXResourcesBuildPhase section */
		5F543B052CE634C000881451 /* Resources */ = {
			isa = PBXResourcesBuildPhase;
			buildActionMask = 2147483647;
			files = (
				5F543B142CE634C100881451 /* Assets.xcassets in Resources */,
				5F543B442CE6350B00881451 /* HomeMainController.xib in Resources */,
				5F543B172CE634C100881451 /* Base in Resources */,
				5F543B122CE634C000881451 /* Base in Resources */,
				5F543B402CE6350B00881451 /* CenterMainController.xib in Resources */,
				5F543B422CE6350B00881451 /* FeedListMainController.xib in Resources */,
			);
			runOnlyForDeploymentPostprocessing = 0;
		};
/* End PBXResourcesBuildPhase section */

/* Begin PBXShellScriptBuildPhase section */
		2BA955D9608874DF440B02C4 /* [CP] Check Pods Manifest.lock */ = {
			isa = PBXShellScriptBuildPhase;
			buildActionMask = 2147483647;
			files = (
			);
			inputFileListPaths = (
			);
			inputPaths = (
				"${PODS_PODFILE_DIR_PATH}/Podfile.lock",
				"${PODS_ROOT}/Manifest.lock",
			);
			name = "[CP] Check Pods Manifest.lock";
			outputFileListPaths = (
			);
			outputPaths = (
				"$(DERIVED_FILE_DIR)/Pods-notebook-checkManifestLockResult.txt",
			);
			runOnlyForDeploymentPostprocessing = 0;
			shellPath = /bin/sh;
			shellScript = "diff \"${PODS_PODFILE_DIR_PATH}/Podfile.lock\" \"${PODS_ROOT}/Manifest.lock\" > /dev/null\nif [ $? != 0 ] ; then\n    # print error to STDERR\n    echo \"error: The sandbox is not in sync with the Podfile.lock. Run 'pod install' or update your CocoaPods installation.\" >&2\n    exit 1\nfi\n# This output is used by Xcode 'outputs' to avoid re-running this script phase.\necho \"SUCCESS\" > \"${SCRIPT_OUTPUT_FILE_0}\"\n";
			showEnvVarsInLog = 0;
		};
		9B3EF4490FA0C83432B07ADD /* [CP] Embed Pods Frameworks */ = {
			isa = PBXShellScriptBuildPhase;
			buildActionMask = 2147483647;
			files = (
			);
			inputFileListPaths = (
				"${PODS_ROOT}/Target Support Files/Pods-notebook/Pods-notebook-frameworks-${CONFIGURATION}-input-files.xcfilelist",
			);
			name = "[CP] Embed Pods Frameworks";
			outputFileListPaths = (
				"${PODS_ROOT}/Target Support Files/Pods-notebook/Pods-notebook-frameworks-${CONFIGURATION}-output-files.xcfilelist",
			);
			runOnlyForDeploymentPostprocessing = 0;
			shellPath = /bin/sh;
			shellScript = "\"${PODS_ROOT}/Target Support Files/Pods-notebook/Pods-notebook-frameworks.sh\"\n";
			showEnvVarsInLog = 0;
		};
/* End PBXShellScriptBuildPhase section */

/* Begin PBXSourcesBuildPhase section */
		5F543B032CE634C000881451 /* Sources */ = {
			isa = PBXSourcesBuildPhase;
			buildActionMask = 2147483647;
			files = (
				5F543B452CE6350B00881451 /* HomeNoteListCell.swift in Sources */,
				5F543B412CE6350B00881451 /* FeedListMainController.swift in Sources */,
				5F543B3F2CE6350B00881451 /* CenterMainController.swift in Sources */,
				5F543B4A2CE6350B00881451 /* ViewController.swift in Sources */,
				5F543B462CE6350B00881451 /* AppDelegate.swift in Sources */,
				5F543B472CE6350B00881451 /* Common.swift in Sources */,
				5F543B432CE6350B00881451 /* HomeMainController.swift in Sources */,
				5F0A54AC2CECCB000083E70C /* ThemeManager.swift in Sources */,
				5F543B482CE6350B00881451 /* RSDTabBarController.swift in Sources */,
				5F543B492CE6350B00881451 /* SceneDelegate.swift in Sources */,
			);
			runOnlyForDeploymentPostprocessing = 0;
		};
/* End PBXSourcesBuildPhase section */

/* Begin PBXVariantGroup section */
		5F543B102CE634C000881451 /* Main.storyboard */ = {
			isa = PBXVariantGroup;
			children = (
				5F543B112CE634C000881451 /* Base */,
			);
			name = Main.storyboard;
			sourceTree = "<group>";
		};
		5F543B152CE634C100881451 /* LaunchScreen.storyboard */ = {
			isa = PBXVariantGroup;
			children = (
				5F543B162CE634C100881451 /* Base */,
			);
			name = LaunchScreen.storyboard;
			sourceTree = "<group>";
		};
/* End PBXVariantGroup section */

/* Begin XCBuildConfiguration section */
		5F543B192CE634C100881451 /* Debug */ = {
			isa = XCBuildConfiguration;
			buildSettings = {
				ALWAYS_SEARCH_USER_PATHS = NO;
				ASSETCATALOG_COMPILER_GENERATE_SWIFT_ASSET_SYMBOL_EXTENSIONS = YES;
				CLANG_ANALYZER_NONNULL = YES;
				CLANG_ANALYZER_NUMBER_OBJECT_CONVERSION = YES_AGGRESSIVE;
				CLANG_CXX_LANGUAGE_STANDARD = "gnu++20";
				CLANG_ENABLE_MODULES = YES;
				CLANG_ENABLE_OBJC_ARC = YES;
				CLANG_ENABLE_OBJC_WEAK = YES;
				CLANG_WARN_BLOCK_CAPTURE_AUTORELEASING = YES;
				CLANG_WARN_BOOL_CONVERSION = YES;
				CLANG_WARN_COMMA = YES;
				CLANG_WARN_CONSTANT_CONVERSION = YES;
				CLANG_WARN_DEPRECATED_OBJC_IMPLEMENTATIONS = YES;
				CLANG_WARN_DIRECT_OBJC_ISA_USAGE = YES_ERROR;
				CLANG_WARN_DOCUMENTATION_COMMENTS = YES;
				CLANG_WARN_EMPTY_BODY = YES;
				CLANG_WARN_ENUM_CONVERSION = YES;
				CLANG_WARN_INFINITE_RECURSION = YES;
				CLANG_WARN_INT_CONVERSION = YES;
				CLANG_WARN_NON_LITERAL_NULL_CONVERSION = YES;
				CLANG_WARN_OBJC_IMPLICIT_RETAIN_SELF = YES;
				CLANG_WARN_OBJC_LITERAL_CONVERSION = YES;
				CLANG_WARN_OBJC_ROOT_CLASS = YES_ERROR;
				CLANG_WARN_QUOTED_INCLUDE_IN_FRAMEWORK_HEADER = YES;
				CLANG_WARN_RANGE_LOOP_ANALYSIS = YES;
				CLANG_WARN_STRICT_PROTOTYPES = YES;
				CLANG_WARN_SUSPICIOUS_MOVE = YES;
				CLANG_WARN_UNGUARDED_AVAILABILITY = YES_AGGRESSIVE;
				CLANG_WARN_UNREACHABLE_CODE = YES;
				CLANG_WARN__DUPLICATE_METHOD_MATCH = YES;
				COPY_PHASE_STRIP = NO;
				DEBUG_INFORMATION_FORMAT = dwarf;
				ENABLE_STRICT_OBJC_MSGSEND = YES;
				ENABLE_TESTABILITY = YES;
				ENABLE_USER_SCRIPT_SANDBOXING = NO;
				GCC_C_LANGUAGE_STANDARD = gnu17;
				GCC_DYNAMIC_NO_PIC = NO;
				GCC_NO_COMMON_BLOCKS = YES;
				GCC_OPTIMIZATION_LEVEL = 0;
				GCC_PREPROCESSOR_DEFINITIONS = (
					"DEBUG=1",
					"$(inherited)",
				);
				GCC_WARN_64_TO_32_BIT_CONVERSION = YES;
				GCC_WARN_ABOUT_RETURN_TYPE = YES_ERROR;
				GCC_WARN_UNDECLARED_SELECTOR = YES;
				GCC_WARN_UNINITIALIZED_AUTOS = YES_AGGRESSIVE;
				GCC_WARN_UNUSED_FUNCTION = YES;
				GCC_WARN_UNUSED_VARIABLE = YES;
				IPHONEOS_DEPLOYMENT_TARGET = 17.4;
				LOCALIZATION_PREFERS_STRING_CATALOGS = YES;
				MTL_ENABLE_DEBUG_INFO = INCLUDE_SOURCE;
				MTL_FAST_MATH = YES;
				ONLY_ACTIVE_ARCH = YES;
				SDKROOT = iphoneos;
				SWIFT_ACTIVE_COMPILATION_CONDITIONS = "DEBUG $(inherited)";
				SWIFT_OPTIMIZATION_LEVEL = "-Onone";
			};
			name = Debug;
		};
		5F543B1A2CE634C100881451 /* Release */ = {
			isa = XCBuildConfiguration;
			buildSettings = {
				ALWAYS_SEARCH_USER_PATHS = NO;
				ASSETCATALOG_COMPILER_GENERATE_SWIFT_ASSET_SYMBOL_EXTENSIONS = YES;
				CLANG_ANALYZER_NONNULL = YES;
				CLANG_ANALYZER_NUMBER_OBJECT_CONVERSION = YES_AGGRESSIVE;
				CLANG_CXX_LANGUAGE_STANDARD = "gnu++20";
				CLANG_ENABLE_MODULES = YES;
				CLANG_ENABLE_OBJC_ARC = YES;
				CLANG_ENABLE_OBJC_WEAK = YES;
				CLANG_WARN_BLOCK_CAPTURE_AUTORELEASING = YES;
				CLANG_WARN_BOOL_CONVERSION = YES;
				CLANG_WARN_COMMA = YES;
				CLANG_WARN_CONSTANT_CONVERSION = YES;
				CLANG_WARN_DEPRECATED_OBJC_IMPLEMENTATIONS = YES;
				CLANG_WARN_DIRECT_OBJC_ISA_USAGE = YES_ERROR;
				CLANG_WARN_DOCUMENTATION_COMMENTS = YES;
				CLANG_WARN_EMPTY_BODY = YES;
				CLANG_WARN_ENUM_CONVERSION = YES;
				CLANG_WARN_INFINITE_RECURSION = YES;
				CLANG_WARN_INT_CONVERSION = YES;
				CLANG_WARN_NON_LITERAL_NULL_CONVERSION = YES;
				CLANG_WARN_OBJC_IMPLICIT_RETAIN_SELF = YES;
				CLANG_WARN_OBJC_LITERAL_CONVERSION = YES;
				CLANG_WARN_OBJC_ROOT_CLASS = YES_ERROR;
				CLANG_WARN_QUOTED_INCLUDE_IN_FRAMEWORK_HEADER = YES;
				CLANG_WARN_RANGE_LOOP_ANALYSIS = YES;
				CLANG_WARN_STRICT_PROTOTYPES = YES;
				CLANG_WARN_SUSPICIOUS_MOVE = YES;
				CLANG_WARN_UNGUARDED_AVAILABILITY = YES_AGGRESSIVE;
				CLANG_WARN_UNREACHABLE_CODE = YES;
				CLANG_WARN__DUPLICATE_METHOD_MATCH = YES;
				COPY_PHASE_STRIP = NO;
				DEBUG_INFORMATION_FORMAT = "dwarf-with-dsym";
				ENABLE_NS_ASSERTIONS = NO;
				ENABLE_STRICT_OBJC_MSGSEND = YES;
				ENABLE_USER_SCRIPT_SANDBOXING = NO;
				GCC_C_LANGUAGE_STANDARD = gnu17;
				GCC_NO_COMMON_BLOCKS = YES;
				GCC_WARN_64_TO_32_BIT_CONVERSION = YES;
				GCC_WARN_ABOUT_RETURN_TYPE = YES_ERROR;
				GCC_WARN_UNDECLARED_SELECTOR = YES;
				GCC_WARN_UNINITIALIZED_AUTOS = YES_AGGRESSIVE;
				GCC_WARN_UNUSED_FUNCTION = YES;
				GCC_WARN_UNUSED_VARIABLE = YES;
				IPHONEOS_DEPLOYMENT_TARGET = 17.4;
				LOCALIZATION_PREFERS_STRING_CATALOGS = YES;
				MTL_ENABLE_DEBUG_INFO = NO;
				MTL_FAST_MATH = YES;
				SDKROOT = iphoneos;
				SWIFT_COMPILATION_MODE = wholemodule;
				VALIDATE_PRODUCT = YES;
			};
			name = Release;
		};
		5F543B1C2CE634C100881451 /* Debug */ = {
			isa = XCBuildConfiguration;
			baseConfigurationReference = 6AE61F9F9E9EDC7AF872956C /* Pods-notebook.debug.xcconfig */;
			buildSettings = {
				ASSETCATALOG_COMPILER_APPICON_NAME = AppIcon;
				ASSETCATALOG_COMPILER_GLOBAL_ACCENT_COLOR_NAME = AccentColor;
				CODE_SIGN_STYLE = Automatic;
				CURRENT_PROJECT_VERSION = 1;
				DEVELOPMENT_TEAM = XG4X9Q8U49;
				GENERATE_INFOPLIST_FILE = YES;
				INFOPLIST_FILE = notebook/Info.plist;
				INFOPLIST_KEY_UIApplicationSupportsIndirectInputEvents = YES;
				INFOPLIST_KEY_UILaunchStoryboardName = LaunchScreen;
				INFOPLIST_KEY_UIMainStoryboardFile = Main;
				INFOPLIST_KEY_UISupportedInterfaceOrientations = UIInterfaceOrientationPortrait;
				INFOPLIST_KEY_UISupportedInterfaceOrientations_iPad = "UIInterfaceOrientationPortrait UIInterfaceOrientationPortraitUpsideDown";
				IPHONEOS_DEPLOYMENT_TARGET = 13.0;
				LD_RUNPATH_SEARCH_PATHS = (
					"$(inherited)",
					"@executable_path/Frameworks",
				);
				MARKETING_VERSION = 1.0;
				PRODUCT_BUNDLE_IDENTIFIER = com.grapefruit.notebook;
				PRODUCT_NAME = "$(TARGET_NAME)";
				SWIFT_EMIT_LOC_STRINGS = YES;
				SWIFT_VERSION = 5.0;
				TARGETED_DEVICE_FAMILY = "1,2";
			};
			name = Debug;
		};
		5F543B1D2CE634C100881451 /* Release */ = {
			isa = XCBuildConfiguration;
			baseConfigurationReference = 96D18690393DDF0D551D01B1 /* Pods-notebook.release.xcconfig */;
			buildSettings = {
				ASSETCATALOG_COMPILER_APPICON_NAME = AppIcon;
				ASSETCATALOG_COMPILER_GLOBAL_ACCENT_COLOR_NAME = AccentColor;
				CODE_SIGN_STYLE = Automatic;
				CURRENT_PROJECT_VERSION = 1;
				DEVELOPMENT_TEAM = XG4X9Q8U49;
				GENERATE_INFOPLIST_FILE = YES;
				INFOPLIST_FILE = notebook/Info.plist;
				INFOPLIST_KEY_UIApplicationSupportsIndirectInputEvents = YES;
				INFOPLIST_KEY_UILaunchStoryboardName = LaunchScreen;
				INFOPLIST_KEY_UIMainStoryboardFile = Main;
				INFOPLIST_KEY_UISupportedInterfaceOrientations = UIInterfaceOrientationPortrait;
				INFOPLIST_KEY_UISupportedInterfaceOrientations_iPad = "UIInterfaceOrientationPortrait UIInterfaceOrientationPortraitUpsideDown";
				IPHONEOS_DEPLOYMENT_TARGET = 13.0;
				LD_RUNPATH_SEARCH_PATHS = (
					"$(inherited)",
					"@executable_path/Frameworks",
				);
				MARKETING_VERSION = 1.0;
				PRODUCT_BUNDLE_IDENTIFIER = com.grapefruit.notebook;
				PRODUCT_NAME = "$(TARGET_NAME)";
				SWIFT_EMIT_LOC_STRINGS = YES;
				SWIFT_VERSION = 5.0;
				TARGETED_DEVICE_FAMILY = "1,2";
			};
			name = Release;
		};
/* End XCBuildConfiguration section */

/* Begin XCConfigurationList section */
		5F543B022CE634C000881451 /* Build configuration list for PBXProject "notebook" */ = {
			isa = XCConfigurationList;
			buildConfigurations = (
				5F543B192CE634C100881451 /* Debug */,
				5F543B1A2CE634C100881451 /* Release */,
			);
			defaultConfigurationIsVisible = 0;
			defaultConfigurationName = Release;
		};
		5F543B1B2CE634C100881451 /* Build configuration list for PBXNativeTarget "notebook" */ = {
			isa = XCConfigurationList;
			buildConfigurations = (
				5F543B1C2CE634C100881451 /* Debug */,
				5F543B1D2CE634C100881451 /* Release */,
			);
			defaultConfigurationIsVisible = 0;
			defaultConfigurationName = Release;
		};
/* End XCConfigurationList section */
	};
	rootObject = 5F543AFF2CE634C000881451 /* Project object */;
}
